
Microsoft Visual Studio Solution File, Format Version 12.00
# Visual Studio Version 17
VisualStudioVersion = 17.3.32819.101
MinimumVisualStudioVersion = 10.0.40219.1
Project("{FAE04EC0-301F-11D3-BF4B-00C04F79EFBC}") = "Tapet", "Tapet\Tapet.csproj", "{A9E37374-A914-4B87-B425-0218B7BDD99D}"
EndProject
Global
	GlobalSection(SolutionConfigurationPlatforms) = preSolution
		Debug|Any CPU = Debug|Any CPU
		Release|Any CPU = Release|Any CPU
	EndGlobalSection
	GlobalSection(ProjectConfigurationPlatforms) = postSolution
		{A9E37374-A914-4B87-B425-0218B7BDD99D}.Debug|Any CPU.ActiveCfg = Debug|Any CPU
		{A9E37374-A914-4B87-B425-0218B7BDD99D}.Debug|Any CPU.Build.0 = Debug|Any CPU
		{A9E37374-A914-4B87-B425-0218B7BDD99D}.Release|Any CPU.ActiveCfg = Release|Any CPU
		{A9E37374-A914-4B87-B425-0218B7BDD99D}.Release|Any CPU.Build.0 = Release|Any CPU
	EndGlobalSection
	GlobalSection(SolutionProperties) = preSolution
		HideSolutionNode = FALSE
	EndGlobalSection
	GlobalSection(ExtensibilityGlobals) = postSolution
		SolutionGuid = {630AC89A-6C31-42E0-A94C-BA1E2749A803}
	EndGlobalSection
EndGlobal
